github.com/behavioral-ai/caseofficer v0.0.0-20250311171103-a159a59d9a1f h1:Qb6yiVen//pwJxRixsPBkMhqPJh/BtRKI9531FWVpSA=
github.com/behavioral-ai/caseofficer v0.0.0-20250311171103-a159a59d9a1f/go.mod h1:WOzZ0MxlB6tq6NcF5OGr70WhoxSpySDptSFaftDGgZs=
github.com/behavioral-ai/caseofficer v0.0.0-20250311190007-74a8ee2e58f8 h1:mTFEC72JqplPmaLZ3wdIm8sW5uO7DeB2glw1143PO6g=
github.com/behavioral-ai/caseofficer v0.0.0-20250311190007-74a8ee2e58f8/go.mod h1:lQ+fL77yGSMHnxxZN05S3s0/q7N20wNjNhrQkxLeJas=
github.com/behavioral-ai/caseofficer v0.0.0-20250312125840-f4160949eeda h1:mws6pia2vbhgoirp6QSobtN6ZbMsfTk5J5dcBVatclU=
github.com/behavioral-ai/caseofficer v0.0.0-20250312125840-f4160949eeda/go.mod h1:Q/hzo/SJUc8HNyTyIVrCQjtgZ6JVYR10Tm50Uit8hQM=
github.com/behavioral-ai/caseofficer v0.0.0-20250312155625-990dec1e1b81 h1:71/SuM0LT6fSa/YyZOl4Z6E/CSbYfYgYrSfLjsbr6UQ=
github.com/behavioral-ai/caseofficer v0.0.0-20250312155625-990dec1e1b81/go.mod h1:bkCCIi2VGavWYypjKTaWMukx8qSCppWNZLn4bZeRAgY=
github.com/behavioral-ai/caseofficer v0.0.0-20250312180504-2630726b82b1 h1:FjFWAS5CKWgh4Lv8ahkKU2L9njVEblgAc0JzTjBFrBc=
github.com/behavioral-ai/caseofficer v0.0.0-20250312180504-2630726b82b1/go.mod h1:bml55CUJQjChDB6rORug69yQQybrngYdAfAqROZiDsE=
github.com/behavioral-ai/caseofficer v0.0.0-20250312190405-abd2e8b68ca4 h1:whNyLc6JHOt307v1B643/2yGowMA0JrP7U6tzsR8yhM=
github.com/behavioral-ai/caseofficer v0.0.0-20250312190405-abd2e8b68ca4/go.mod h1:1X8bt1qMRkuoF1qwYxFmUHQ7wERRsOEWgCQ7MVYbN2Q=
github.com/behavioral-ai/collective v0.0.0-20250312151858-a73fb04154d3 h1:3z/20vPsfVZNW45zuBequDEUmKAAClvHiksGc9rhtRY=
github.com/behavioral-ai/collective v0.0.0-20250312151858-a73fb04154d3/go.mod h1:98Y256mRCyjbOQxl8BeVg5GKR0TTZZFg2PiMBgxl5ww=
github.com/behavioral-ai/core v0.0.0-20250311154008-2e3a34f1b7de h1:W2d710KaOI0sIpry84KFcu53hwpUEtPiQrB8nb+EvPM=
github.com/behavioral-ai/core v0.0.0-20250311154008-2e3a34f1b7de/go.mod h1:sqpbaRPtMXUb4j6CbCuwWvQrD6pUKJm5oZEKPDynlPE=
github.com/behavioral-ai/domain v0.0.0-20250311122304-6c7f3d637758 h1:eFuRkfS4HK/RsOTWQRhsEzKgc7GfEnCCwMSs93WdvXU=
github.com/behavioral-ai/domain v0.0.0-20250311122304-6c7f3d637758/go.mod h1:2WL4Myuhx9JlOFp5BN3iLlnBHNTlg9F8+PJqvTiJLds=
github.com/behavioral-ai/domain v0.0.0-20250311182941-8d061c308be2 h1:u9K1ILzAzrvaWvb+rrrRm3Xp2X0K7BOFI+dnCGnIJEg=
github.com/behavioral-ai/domain v0.0.0-20250311182941-8d061c308be2/go.mod h1:2WL4Myuhx9JlOFp5BN3iLlnBHNTlg9F8+PJqvTiJLds=
github.com/behavioral-ai/domain v0.0.0-20250312122829-f7f7a38036a4 h1:t9p2VrQCBarBxv/KUoBsSXXJPP5hAQLV8LkOE+DMvhU=
github.com/behavioral-ai/domain v0.0.0-20250312122829-f7f7a38036a4/go.mod h1:2WL4Myuhx9JlOFp5BN3iLlnBHNTlg9F8+PJqvTiJLds=
github.com/behavioral-ai/domain v0.0.0-20250312145505-252b6099b9ca h1:i7eT5qAkXWwLoffwE/Ozsq//PE3eAZeeD+ZnDYOceDE=
github.com/behavioral-ai/domain v0.0.0-20250312145505-252b6099b9ca/go.mod h1:2WL4Myuhx9JlOFp5BN3iLlnBHNTlg9F8+PJqvTiJLds=
github.com/behavioral-ai/domain v0.0.0-20250312183402-847bc48ee163 h1:IiUWCwesB6fHrV34/TrPU8rTd+SEh8sz2u9h9qlOyK0=
github.com/behavioral-ai/domain v0.0.0-20250312183402-847bc48ee163/go.mod h1:2WL4Myuhx9JlOFp5BN3iLlnBHNTlg9F8+PJqvTiJLds=
github.com/behavioral-ai/operative v0.0.0-20250311164701-8961d1bca5a5 h1:4CQMtJ8ZBzMMqRFaIuOTrhVSBeSUS33Ybjyb5+6E3Gw=
github.com/behavioral-ai/operative v0.0.0-20250311164701-8961d1bca5a5/go.mod h1:ZtFudVfXpAxuanopmkd5VhR5L5XIij/cQ6f4xkVOyVY=
github.com/behavioral-ai/operative v0.0.0-20250312125139-4f4376d661fa h1:KYHrN24YlmTigb3HCvEM7bF2gz+RaJ8wQ8VTlBrWOMc=
github.com/behavioral-ai/operative v0.0.0-20250312125139-4f4376d661fa/go.mod h1:XGyuOfnbdrtaMMHWS8C13ZSjyvwXVa2iiMb6Wz+bg10=
github.com/behavioral-ai/operative v0.0.0-20250312155538-43f60968a92d h1:Y19E/sgyAdcb5Je7kCHMBJQz5uZBGG/9eRrMipsvgU0=
github.com/behavioral-ai/operative v0.0.0-20250312155538-43f60968a92d/go.mod h1:XzPJdbNF1ssYDYm3HYqNd/IdH4HoP4cm8A48eLJGknY=
github.com/behavioral-ai/operative v0.0.0-20250312185919-12342f2e529e h1:Arwq63j0p3N0aMCeYU9F6JxBllqcAGToL6GC+WUQEl0=
github.com/behavioral-ai/operative v0.0.0-20250312185919-12342f2e529e/go.mod h1:sj5PWIWNsWzhY1V40j/jXGXSAb2UQeN/wT5uyP/eutY=
github.com/google/uuid v1.6.0 h1:NIvaJDMOsjHA8n1jAhLSgzrAzy1Hgr+hNrb57e+94F0=
github.com/google/uuid v1.6.0/go.mod h1:TIyPZe4MgqvfeYDBFedMoGGpEw/LqOeaOT+nhxU+yHo=
