github.com/behavioral-ai/agency v0.0.0-20241206192650-a3b67a52f2c6 h1:CFdVThwZagAGa9HfUzso9h3vl3iIR0ua5+NEPctvNe0=
github.com/behavioral-ai/agency v0.0.0-20241206192650-a3b67a52f2c6/go.mod h1:bxBTYEX38187BAAbwow5W+NK4syNhvTBimAznf84jWM=
github.com/behavioral-ai/agents v0.0.0-20241229125638-4d20d4e2824b h1:u8rfZP1/Fk5DJoNKoodXuSLPUVuyHeayTiyVIeQLRWU=
github.com/behavioral-ai/agents v0.0.0-20241229125638-4d20d4e2824b/go.mod h1:S7Rdcrx01mVOmvhh1b/C1zIU6mz/Cg63/NulnfYh8gA=
github.com/behavioral-ai/caseofficer v0.0.0-20250223230028-1f918ca61b71 h1:+RrhnSkBSKSji3nEHpGsa9JXcVsI0gXbj9hRaUehEm4=
github.com/behavioral-ai/caseofficer v0.0.0-20250223230028-1f918ca61b71/go.mod h1:3IEx3OAbJMbF78i/py6nzuTvgcFnJWLWACZlwOkf0+s=
github.com/behavioral-ai/core v0.0.0-20241214190801-d0ebcdad56b2 h1:GRByssHNSWz7Adxkztm4SN8sXRMNLLbw7OMqIRRupP0=
github.com/behavioral-ai/core v0.0.0-20241214190801-d0ebcdad56b2/go.mod h1:sqpbaRPtMXUb4j6CbCuwWvQrD6pUKJm5oZEKPDynlPE=
github.com/behavioral-ai/core v0.0.0-20250226002330-b5e429e71998 h1:HwC0+UOHBLFI+dg1Tt1QP9ACmTTa3cKyhRi7FKzkECE=
github.com/behavioral-ai/core v0.0.0-20250226002330-b5e429e71998/go.mod h1:sqpbaRPtMXUb4j6CbCuwWvQrD6pUKJm5oZEKPDynlPE=
github.com/behavioral-ai/domain v0.0.0-20250226003330-e921ae8fe6bb h1:OzwoxVGCHRk0UtsmY4kv7xVH6XnBGaFpOeJ5lGPLGFg=
github.com/behavioral-ai/domain v0.0.0-20250226003330-e921ae8fe6bb/go.mod h1:gbTHoEbWkIxyca2Pt0c0IdHcJAsbu9Xrosjxw26gyD4=
github.com/behavioral-ai/log v0.0.0-20241219134722-0518e842e5bb h1:URNfG4KI64o7mvOVX10HLAwlOe3qBgqS0f4s5k2eAos=
github.com/behavioral-ai/log v0.0.0-20241219134722-0518e842e5bb/go.mod h1:bX5HX19BLR7iv4IxgjUerrSBi5ozdRk6ia8RXvxNjXA=
github.com/behavioral-ai/resiliency v0.0.0-20241204144107-77df91af3e63 h1:yJ1w04MpcJ4AKr5DpgGyh4lD6V2nltYTpHsChQDA9mY=
github.com/behavioral-ai/resiliency v0.0.0-20241204144107-77df91af3e63/go.mod h1:qKlRGTd2JJPJIBj72iCjRlmqtqyLYfq6vrst/0AwTMk=
github.com/google/uuid v1.6.0 h1:NIvaJDMOsjHA8n1jAhLSgzrAzy1Hgr+hNrb57e+94F0=
github.com/google/uuid v1.6.0/go.mod h1:TIyPZe4MgqvfeYDBFedMoGGpEw/LqOeaOT+nhxU+yHo=
